
Microsoft Visual Studio Solution File, Format Version 12.00
# Visual Studio Version 16
VisualStudioVersion = 16.0.31515.178
MinimumVisualStudioVersion = 10.0.40219.1
Project("{FAE04EC0-301F-11D3-BF4B-00C04F79EFBC}") = "UnitTestProject3", "UnitTestProject3.csproj", "{D35F3A24-4616-415E-97B2-ECA6B96BF594}"
EndProject
Global
	GlobalSection(SolutionConfigurationPlatforms) = preSolution
		Debug|Any CPU = Debug|Any CPU
		Release|Any CPU = Release|Any CPU
	EndGlobalSection
	GlobalSection(ProjectConfigurationPlatforms) = postSolution
		{D35F3A24-4616-415E-97B2-ECA6B96BF594}.Debug|Any CPU.ActiveCfg = Debug|Any CPU
		{D35F3A24-4616-415E-97B2-ECA6B96BF594}.Debug|Any CPU.Build.0 = Debug|Any CPU
		{D35F3A24-4616-415E-97B2-ECA6B96BF594}.Release|Any CPU.ActiveCfg = Release|Any CPU
		{D35F3A24-4616-415E-97B2-ECA6B96BF594}.Release|Any CPU.Build.0 = Release|Any CPU
	EndGlobalSection
	GlobalSection(SolutionProperties) = preSolution
		HideSolutionNode = FALSE
	EndGlobalSection
	GlobalSection(ExtensibilityGlobals) = postSolution
		SolutionGuid = {B3B074CA-7049-4BC3-9326-BE8DC117C55C}
	EndGlobalSection
EndGlobal
